
Microsoft Visual Studio Solution File, Format Version 12.00
# Visual Studio Version 17
VisualStudioVersion = 17.4.33110.190
MinimumVisualStudioVersion = 10.0.40219.1
Project("{FAE04EC0-301F-11D3-BF4B-00C04F79EFBC}") = "Lab2", "Lab2\Lab2.csproj", "{3795432F-5758-47F1-A552-8A233A73D6F5}"
EndProject
Global
	GlobalSection(SolutionConfigurationPlatforms) = preSolution
		Debug|Any CPU = Debug|Any CPU
		Release|Any CPU = Release|Any CPU
	EndGlobalSection
	GlobalSection(ProjectConfigurationPlatforms) = postSolution
		{3795432F-5758-47F1-A552-8A233A73D6F5}.Debug|Any CPU.ActiveCfg = Debug|Any CPU
		{3795432F-5758-47F1-A552-8A233A73D6F5}.Debug|Any CPU.Build.0 = Debug|Any CPU
		{3795432F-5758-47F1-A552-8A233A73D6F5}.Release|Any CPU.ActiveCfg = Release|Any CPU
		{3795432F-5758-47F1-A552-8A233A73D6F5}.Release|Any CPU.Build.0 = Release|Any CPU
	EndGlobalSection
	GlobalSection(SolutionProperties) = preSolution
		HideSolutionNode = FALSE
	EndGlobalSection
	GlobalSection(ExtensibilityGlobals) = postSolution
		SolutionGuid = {03AC9C37-2C83-427A-A290-A22283735EDB}
	EndGlobalSection
EndGlobal
